
Microsoft Visual Studio Solution File, Format Version 12.00
# Visual Studio Version 16
VisualStudioVersion = 16.0.30406.217
MinimumVisualStudioVersion = 10.0.40219.1
Project("{9A19103F-16F7-4668-BE54-9A1E7A4F7556}") = "AnrSite", "AnrSite\AnrSite.csproj", "{5F27B6B3-A984-41AA-AD2E-0E1874548205}"
EndProject
Project("{2150E333-8FDC-42A3-9474-1A3956D46DE8}") = "Solution Items", "Solution Items", "{3B17C45E-0A6D-44BC-8084-554EFB6DA2F0}"
	ProjectSection(SolutionItems) = preProject
		TextFile1.txt = TextFile1.txt
	EndProjectSection
EndProject
Global
	GlobalSection(SolutionConfigurationPlatforms) = preSolution
		Debug|Any CPU = Debug|Any CPU
		Release|Any CPU = Release|Any CPU
	EndGlobalSection
	GlobalSection(ProjectConfigurationPlatforms) = postSolution
		{5F27B6B3-A984-41AA-AD2E-0E1874548205}.Debug|Any CPU.ActiveCfg = Debug|Any CPU
		{5F27B6B3-A984-41AA-AD2E-0E1874548205}.Debug|Any CPU.Build.0 = Debug|Any CPU
		{5F27B6B3-A984-41AA-AD2E-0E1874548205}.Release|Any CPU.ActiveCfg = Release|Any CPU
		{5F27B6B3-A984-41AA-AD2E-0E1874548205}.Release|Any CPU.Build.0 = Release|Any CPU
	EndGlobalSection
	GlobalSection(SolutionProperties) = preSolution
		HideSolutionNode = FALSE
	EndGlobalSection
	GlobalSection(ExtensibilityGlobals) = postSolution
		SolutionGuid = {BE43307E-2CA6-4D6A-98FA-4A3D1790C0B2}
	EndGlobalSection
EndGlobal
